// !$*UTF8*$!
{
	archiveVersion = 1;
	classes = {
	};
	objectVersion = 46;
	objects = {

/* Begin PBXBuildFile section */
		3013601B16A8DEAB00FA4C47 /* info.png in Resources */ = {isa = PBXBuildFile; fileRef = 3013601A16A8DEAB00FA4C47 /* info.png */; };
		3013601D16A8E11900FA4C47 /* infoPage.xib in Resources */ = {isa = PBXBuildFile; fileRef = 3013601C16A8E11900FA4C47 /* infoPage.xib */; };
		3013602516A8E36400FA4C47 /* infoViewController.m in Sources */ = {isa = PBXBuildFile; fileRef = 3013602416A8E36400FA4C47 /* infoViewController.m */; };
		30B2CF6516A6A93400BCA9DB /* UIKit.framework in Frameworks */ = {isa = PBXBuildFile; fileRef = 30B2CF6416A6A93400BCA9DB /* UIKit.framework */; };
		30B2CF6716A6A93400BCA9DB /* Foundation.framework in Frameworks */ = {isa = PBXBuildFile; fileRef = 30B2CF6616A6A93400BCA9DB /* Foundation.framework */; };
		30B2CF6916A6A93400BCA9DB /* CoreGraphics.framework in Frameworks */ = {isa = PBXBuildFile; fileRef = 30B2CF6816A6A93400BCA9DB /* CoreGraphics.framework */; };
		30B2CF6F16A6A93400BCA9DB /* InfoPlist.strings in Resources */ = {isa = PBXBuildFile; fileRef = 30B2CF6D16A6A93400BCA9DB /* InfoPlist.strings */; };
		30B2CF7116A6A93400BCA9DB /* main.m in Sources */ = {isa = PBXBuildFile; fileRef = 30B2CF7016A6A93400BCA9DB /* main.m */; };
		30B2CF7516A6A93400BCA9DB /* AppDelegate.m in Sources */ = {isa = PBXBuildFile; fileRef = 30B2CF7416A6A93400BCA9DB /* AppDelegate.m */; };
		30B2CF7716A6A93400BCA9DB /* Default.png in Resources */ = {isa = PBXBuildFile; fileRef = 30B2CF7616A6A93400BCA9DB /* Default.png */; };
		30B2CF7916A6A93400BCA9DB /* Default@2x.png in Resources */ = {isa = PBXBuildFile; fileRef = 30B2CF7816A6A93400BCA9DB /* Default@2x.png */; };
		30B2CF7B16A6A93400BCA9DB /* Default-568h@2x.png in Resources */ = {isa = PBXBuildFile; fileRef = 30B2CF7A16A6A93400BCA9DB /* Default-568h@2x.png */; };
		30B2CF7E16A6A93400BCA9DB /* ViewController.m in Sources */ = {isa = PBXBuildFile; fileRef = 30B2CF7D16A6A93400BCA9DB /* ViewController.m */; };
		30B2CF8116A6A93400BCA9DB /* ViewController.xib in Resources */ = {isa = PBXBuildFile; fileRef = 30B2CF7F16A6A93400BCA9DB /* ViewController.xib */; };
		30B2CF8916A6A93400BCA9DB /* SenTestingKit.framework in Frameworks */ = {isa = PBXBuildFile; fileRef = 30B2CF8816A6A93400BCA9DB /* SenTestingKit.framework */; };
		30B2CF8A16A6A93400BCA9DB /* UIKit.framework in Frameworks */ = {isa = PBXBuildFile; fileRef = 30B2CF6416A6A93400BCA9DB /* UIKit.framework */; };
		30B2CF8B16A6A93400BCA9DB /* Foundation.framework in Frameworks */ = {isa = PBXBuildFile; fileRef = 30B2CF6616A6A93400BCA9DB /* Foundation.framework */; };
		30B2CF9316A6A93400BCA9DB /* InfoPlist.strings in Resources */ = {isa = PBXBuildFile; fileRef = 30B2CF9116A6A93400BCA9DB /* InfoPlist.strings */; };
		30B2CF9616A6A93400BCA9DB /* aoc2_week2Tests.m in Sources */ = {isa = PBXBuildFile; fileRef = 30B2CF9516A6A93400BCA9DB /* aoc2_week2Tests.m */; };
		30C3793716A6AA9600BC2486 /* Blocks.m in Sources */ = {isa = PBXBuildFile; fileRef = 30C3792E16A6AA9600BC2486 /* Blocks.m */; };
		30C3793816A6AA9600BC2486 /* Cars.m in Sources */ = {isa = PBXBuildFile; fileRef = 30C3793016A6AA9600BC2486 /* Cars.m */; };
		30C3793916A6AA9600BC2486 /* TeddyBear.m in Sources */ = {isa = PBXBuildFile; fileRef = 30C3793216A6AA9600BC2486 /* TeddyBear.m */; };
		30C3793A16A6AA9600BC2486 /* ToyFactory.m in Sources */ = {isa = PBXBuildFile; fileRef = 30C3793416A6AA9600BC2486 /* ToyFactory.m */; };
		30C3793B16A6AA9600BC2486 /* Toys.m in Sources */ = {isa = PBXBuildFile; fileRef = 30C3793616A6AA9600BC2486 /* Toys.m */; };
/* End PBXBuildFile section */

/* Begin PBXContainerItemProxy section */
		30B2CF8C16A6A93400BCA9DB /* PBXContainerItemProxy */ = {
			isa = PBXContainerItemProxy;
			containerPortal = 30B2CF5716A6A93400BCA9DB /* Project object */;
			proxyType = 1;
			remoteGlobalIDString = 30B2CF5F16A6A93400BCA9DB;
			remoteInfo = aoc2_week2;
		};
/* End PBXContainerItemProxy section */

/* Begin PBXFileReference section */
		3013601A16A8DEAB00FA4C47 /* info.png */ = {isa = PBXFileReference; lastKnownFileType = image.png; path = info.png; sourceTree = "<group>"; };
		3013601C16A8E11900FA4C47 /* infoPage.xib */ = {isa = PBXFileReference; fileEncoding = 4; lastKnownFileType = file.xib; name = infoPage.xib; path = ../infoPage.xib; sourceTree = "<group>"; };
		3013602316A8E36400FA4C47 /* infoViewController.h */ = {isa = PBXFileReference; fileEncoding = 4; lastKnownFileType = sourcecode.c.h; path = infoViewController.h; sourceTree = "<group>"; };
		3013602416A8E36400FA4C47 /* infoViewController.m */ = {isa = PBXFileReference; fileEncoding = 4; lastKnownFileType = sourcecode.c.objc; path = infoViewController.m; sourceTree = "<group>"; };
		30B2CF6016A6A93400BCA9DB /* aoc2_week2.app */ = {isa = PBXFileReference; explicitFileType = wrapper.application; includeInIndex = 0; path = aoc2_week2.app; sourceTree = BUILT_PRODUCTS_DIR; };
		30B2CF6416A6A93400BCA9DB /* UIKit.framework */ = {isa = PBXFileReference; lastKnownFileType = wrapper.framework; name = UIKit.framework; path = System/Library/Frameworks/UIKit.framework; sourceTree = SDKROOT; };
		30B2CF6616A6A93400BCA9DB /* Foundation.framework */ = {isa = PBXFileReference; lastKnownFileType = wrapper.framework; name = Foundation.framework; path = System/Library/Frameworks/Foundation.framework; sourceTree = SDKROOT; };
		30B2CF6816A6A93400BCA9DB /* CoreGraphics.framework */ = {isa = PBXFileReference; lastKnownFileType = wrapper.framework; name = CoreGraphics.framework; path = System/Library/Frameworks/CoreGraphics.framework; sourceTree = SDKROOT; };
		30B2CF6C16A6A93400BCA9DB /* aoc2_week2-Info.plist */ = {isa = PBXFileReference; lastKnownFileType = text.plist.xml; path = "aoc2_week2-Info.plist"; sourceTree = "<group>"; };
		30B2CF6E16A6A93400BCA9DB /* en */ = {isa = PBXFileReference; lastKnownFileType = text.plist.strings; name = en; path = en.lproj/InfoPlist.strings; sourceTree = "<group>"; };
		30B2CF7016A6A93400BCA9DB /* main.m */ = {isa = PBXFileReference; lastKnownFileType = sourcecode.c.objc; path = main.m; sourceTree = "<group>"; };
		30B2CF7216A6A93400BCA9DB /* aoc2_week2-Prefix.pch */ = {isa = PBXFileReference; lastKnownFileType = sourcecode.c.h; path = "aoc2_week2-Prefix.pch"; sourceTree = "<group>"; };
		30B2CF7316A6A93400BCA9DB /* AppDelegate.h */ = {isa = PBXFileReference; lastKnownFileType = sourcecode.c.h; path = AppDelegate.h; sourceTree = "<group>"; };
		30B2CF7416A6A93400BCA9DB /* AppDelegate.m */ = {isa = PBXFileReference; lastKnownFileType = sourcecode.c.objc; path = AppDelegate.m; sourceTree = "<group>"; };
		30B2CF7616A6A93400BCA9DB /* Default.png */ = {isa = PBXFileReference; lastKnownFileType = image.png; path = Default.png; sourceTree = "<group>"; };
		30B2CF7816A6A93400BCA9DB /* Default@2x.png */ = {isa = PBXFileReference; lastKnownFileType = image.png; path = "Default@2x.png"; sourceTree = "<group>"; };
		30B2CF7A16A6A93400BCA9DB /* Default-568h@2x.png */ = {isa = PBXFileReference; lastKnownFileType = image.png; path = "Default-568h@2x.png"; sourceTree = "<group>"; };
		30B2CF7C16A6A93400BCA9DB /* ViewController.h */ = {isa = PBXFileReference; lastKnownFileType = sourcecode.c.h; path = ViewController.h; sourceTree = "<group>"; };
		30B2CF7D16A6A93400BCA9DB /* ViewController.m */ = {isa = PBXFileReference; lastKnownFileType = sourcecode.c.objc; path = ViewController.m; sourceTree = "<group>"; };
		30B2CF8016A6A93400BCA9DB /* en */ = {isa = PBXFileReference; lastKnownFileType = file.xib; name = en; path = en.lproj/ViewController.xib; sourceTree = "<group>"; };
		30B2CF8716A6A93400BCA9DB /* aoc2_week2Tests.octest */ = {isa = PBXFileReference; explicitFileType = wrapper.cfbundle; includeInIndex = 0; path = aoc2_week2Tests.octest; sourceTree = BUILT_PRODUCTS_DIR; };
		30B2CF8816A6A93400BCA9DB /* SenTestingKit.framework */ = {isa = PBXFileReference; lastKnownFileType = wrapper.framework; name = SenTestingKit.framework; path = Library/Frameworks/SenTestingKit.framework; sourceTree = DEVELOPER_DIR; };
		30B2CF9016A6A93400BCA9DB /* aoc2_week2Tests-Info.plist */ = {isa = PBXFileReference; lastKnownFileType = text.plist.xml; path = "aoc2_week2Tests-Info.plist"; sourceTree = "<group>"; };
		30B2CF9216A6A93400BCA9DB /* en */ = {isa = PBXFileReference; lastKnownFileType = text.plist.strings; name = en; path = en.lproj/InfoPlist.strings; sourceTree = "<group>"; };
		30B2CF9416A6A93400BCA9DB /* aoc2_week2Tests.h */ = {isa = PBXFileReference; lastKnownFileType = sourcecode.c.h; path = aoc2_week2Tests.h; sourceTree = "<group>"; };
		30B2CF9516A6A93400BCA9DB /* aoc2_week2Tests.m */ = {isa = PBXFileReference; lastKnownFileType = sourcecode.c.objc; path = aoc2_week2Tests.m; sourceTree = "<group>"; };
		30C3792D16A6AA9600BC2486 /* Blocks.h */ = {isa = PBXFileReference; fileEncoding = 4; lastKnownFileType = sourcecode.c.h; path = Blocks.h; sourceTree = "<group>"; };
		30C3792E16A6AA9600BC2486 /* Blocks.m */ = {isa = PBXFileReference; fileEncoding = 4; lastKnownFileType = sourcecode.c.objc; path = Blocks.m; sourceTree = "<group>"; };
		30C3792F16A6AA9600BC2486 /* Cars.h */ = {isa = PBXFileReference; fileEncoding = 4; lastKnownFileType = sourcecode.c.h; path = Cars.h; sourceTree = "<group>"; };
		30C3793016A6AA9600BC2486 /* Cars.m */ = {isa = PBXFileReference; fileEncoding = 4; lastKnownFileType = sourcecode.c.objc; path = Cars.m; sourceTree = "<group>"; };
		30C3793116A6AA9600BC2486 /* TeddyBear.h */ = {isa = PBXFileReference; fileEncoding = 4; lastKnownFileType = sourcecode.c.h; path = TeddyBear.h; sourceTree = "<group>"; };
		30C3793216A6AA9600BC2486 /* TeddyBear.m */ = {isa = PBXFileReference; fileEncoding = 4; lastKnownFileType = sourcecode.c.objc; path = TeddyBear.m; sourceTree = "<group>"; };
		30C3793316A6AA9600BC2486 /* ToyFactory.h */ = {isa = PBXFileReference; fileEncoding = 4; lastKnownFileType = sourcecode.c.h; path = ToyFactory.h; sourceTree = "<group>"; };
		30C3793416A6AA9600BC2486 /* ToyFactory.m */ = {isa = PBXFileReference; fileEncoding = 4; lastKnownFileType = sourcecode.c.objc; path = ToyFactory.m; sourceTree = "<group>"; };
		30C3793516A6AA9600BC2486 /* Toys.h */ = {isa = PBXFileReference; fileEncoding = 4; lastKnownFileType = sourcecode.c.h; path = Toys.h; sourceTree = "<group>"; };
		30C3793616A6AA9600BC2486 /* Toys.m */ = {isa = PBXFileReference; fileEncoding = 4; lastKnownFileType = sourcecode.c.objc; path = Toys.m; sourceTree = "<group>"; };
/* End PBXFileReference section */

/* Begin PBXFrameworksBuildPhase section */
		30B2CF5D16A6A93400BCA9DB /* Frameworks */ = {
			isa = PBXFrameworksBuildPhase;
			buildActionMask = 2147483647;
			files = (
				30B2CF6516A6A93400BCA9DB /* UIKit.framework in Frameworks */,
				30B2CF6716A6A93400BCA9DB /* Foundation.framework in Frameworks */,
				30B2CF6916A6A93400BCA9DB /* CoreGraphics.framework in Frameworks */,
			);
			runOnlyForDeploymentPostprocessing = 0;
		};
		30B2CF8316A6A93400BCA9DB /* Frameworks */ = {
			isa = PBXFrameworksBuildPhase;
			buildActionMask = 2147483647;
			files = (
				30B2CF8916A6A93400BCA9DB /* SenTestingKit.framework in Frameworks */,
				30B2CF8A16A6A93400BCA9DB /* UIKit.framework in Frameworks */,
				30B2CF8B16A6A93400BCA9DB /* Foundation.framework in Frameworks */,
			);
			runOnlyForDeploymentPostprocessing = 0;
		};
/* End PBXFrameworksBuildPhase section */

/* Begin PBXGroup section */
		30B2CF5516A6A93400BCA9DB = {
			isa = PBXGroup;
			children = (
				30B2CF6A16A6A93400BCA9DB /* aoc2_week2 */,
				30B2CF8E16A6A93400BCA9DB /* aoc2_week2Tests */,
				30B2CF6316A6A93400BCA9DB /* Frameworks */,
				30B2CF6116A6A93400BCA9DB /* Products */,
			);
			sourceTree = "<group>";
		};
		30B2CF6116A6A93400BCA9DB /* Products */ = {
			isa = PBXGroup;
			children = (
				30B2CF6016A6A93400BCA9DB /* aoc2_week2.app */,
				30B2CF8716A6A93400BCA9DB /* aoc2_week2Tests.octest */,
			);
			name = Products;
			sourceTree = "<group>";
		};
		30B2CF6316A6A93400BCA9DB /* Frameworks */ = {
			isa = PBXGroup;
			children = (
				30B2CF6416A6A93400BCA9DB /* UIKit.framework */,
				30B2CF6616A6A93400BCA9DB /* Foundation.framework */,
				30B2CF6816A6A93400BCA9DB /* CoreGraphics.framework */,
				30B2CF8816A6A93400BCA9DB /* SenTestingKit.framework */,
			);
			name = Frameworks;
			sourceTree = "<group>";
		};
		30B2CF6A16A6A93400BCA9DB /* aoc2_week2 */ = {
			isa = PBXGroup;
			children = (
				3013601A16A8DEAB00FA4C47 /* info.png */,
				30C3792D16A6AA9600BC2486 /* Blocks.h */,
				30C3792E16A6AA9600BC2486 /* Blocks.m */,
				30C3792F16A6AA9600BC2486 /* Cars.h */,
				30C3793016A6AA9600BC2486 /* Cars.m */,
				30C3793116A6AA9600BC2486 /* TeddyBear.h */,
				30C3793216A6AA9600BC2486 /* TeddyBear.m */,
				30C3793316A6AA9600BC2486 /* ToyFactory.h */,
				30C3793416A6AA9600BC2486 /* ToyFactory.m */,
				30C3793516A6AA9600BC2486 /* Toys.h */,
				30C3793616A6AA9600BC2486 /* Toys.m */,
				30B2CF7316A6A93400BCA9DB /* AppDelegate.h */,
				30B2CF7416A6A93400BCA9DB /* AppDelegate.m */,
				30B2CF7C16A6A93400BCA9DB /* ViewController.h */,
				30B2CF7D16A6A93400BCA9DB /* ViewController.m */,
				30B2CF7F16A6A93400BCA9DB /* ViewController.xib */,
				3013601C16A8E11900FA4C47 /* infoPage.xib */,
				3013602316A8E36400FA4C47 /* infoViewController.h */,
				3013602416A8E36400FA4C47 /* infoViewController.m */,
				30B2CF6B16A6A93400BCA9DB /* Supporting Files */,
			);
			path = aoc2_week2;
			sourceTree = "<group>";
		};
		30B2CF6B16A6A93400BCA9DB /* Supporting Files */ = {
			isa = PBXGroup;
			children = (
				30B2CF6C16A6A93400BCA9DB /* aoc2_week2-Info.plist */,
				30B2CF6D16A6A93400BCA9DB /* InfoPlist.strings */,
				30B2CF7016A6A93400BCA9DB /* main.m */,
				30B2CF7216A6A93400BCA9DB /* aoc2_week2-Prefix.pch */,
				30B2CF7616A6A93400BCA9DB /* Default.png */,
				30B2CF7816A6A93400BCA9DB /* Default@2x.png */,
				30B2CF7A16A6A93400BCA9DB /* Default-568h@2x.png */,
			);
			name = "Supporting Files";
			sourceTree = "<group>";
		};
		30B2CF8E16A6A93400BCA9DB /* aoc2_week2Tests */ = {
			isa = PBXGroup;
			children = (
				30B2CF9416A6A93400BCA9DB /* aoc2_week2Tests.h */,
				30B2CF9516A6A93400BCA9DB /* aoc2_week2Tests.m */,
				30B2CF8F16A6A93400BCA9DB /* Supporting Files */,
			);
			path = aoc2_week2Tests;
			sourceTree = "<group>";
		};
		30B2CF8F16A6A93400BCA9DB /* Supporting Files */ = {
			isa = PBXGroup;
			children = (
				30B2CF9016A6A93400BCA9DB /* aoc2_week2Tests-Info.plist */,
				30B2CF9116A6A93400BCA9DB /* InfoPlist.strings */,
			);
			name = "Supporting Files";
			sourceTree = "<group>";
		};
/* End PBXGroup section */

/* Begin PBXNativeTarget section */
		30B2CF5F16A6A93400BCA9DB /* aoc2_week2 */ = {
			isa = PBXNativeTarget;
			buildConfigurationList = 30B2CF9916A6A93400BCA9DB /* Build configuration list for PBXNativeTarget "aoc2_week2" */;
			buildPhases = (
				30B2CF5C16A6A93400BCA9DB /* Sources */,
				30B2CF5D16A6A93400BCA9DB /* Frameworks */,
				30B2CF5E16A6A93400BCA9DB /* Resources */,
			);
			buildRules = (
			);
			dependencies = (
			);
			name = aoc2_week2;
			productName = aoc2_week2;
			productReference = 30B2CF6016A6A93400BCA9DB /* aoc2_week2.app */;
			productType = "com.apple.product-type.application";
		};
		30B2CF8616A6A93400BCA9DB /* aoc2_week2Tests */ = {
			isa = PBXNativeTarget;
			buildConfigurationList = 30B2CF9C16A6A93400BCA9DB /* Build configuration list for PBXNativeTarget "aoc2_week2Tests" */;
			buildPhases = (
				30B2CF8216A6A93400BCA9DB /* Sources */,
				30B2CF8316A6A93400BCA9DB /* Frameworks */,
				30B2CF8416A6A93400BCA9DB /* Resources */,
				30B2CF8516A6A93400BCA9DB /* ShellScript */,
			);
			buildRules = (
			);
			dependencies = (
				30B2CF8D16A6A93400BCA9DB /* PBXTargetDependency */,
			);
			name = aoc2_week2Tests;
			productName = aoc2_week2Tests;
			productReference = 30B2CF8716A6A93400BCA9DB /* aoc2_week2Tests.octest */;
			productType = "com.apple.product-type.bundle";
		};
/* End PBXNativeTarget section */

/* Begin PBXProject section */
		30B2CF5716A6A93400BCA9DB /* Project object */ = {
			isa = PBXProject;
			attributes = {
				LastUpgradeCheck = 0450;
				ORGANIZATIONNAME = "Scott Caruso";
			};
			buildConfigurationList = 30B2CF5A16A6A93400BCA9DB /* Build configuration list for PBXProject "aoc2_week2" */;
			compatibilityVersion = "Xcode 3.2";
			developmentRegion = English;
			hasScannedForEncodings = 0;
			knownRegions = (
				en,
			);
			mainGroup = 30B2CF5516A6A93400BCA9DB;
			productRefGroup = 30B2CF6116A6A93400BCA9DB /* Products */;
			projectDirPath = "";
			projectRoot = "";
			targets = (
				30B2CF5F16A6A93400BCA9DB /* aoc2_week2 */,
				30B2CF8616A6A93400BCA9DB /* aoc2_week2Tests */,
			);
		};
/* End PBXProject section */

/* Begin PBXResourcesBuildPhase section */
		30B2CF5E16A6A93400BCA9DB /* Resources */ = {
			isa = PBXResourcesBuildPhase;
			buildActionMask = 2147483647;
			files = (
				30B2CF6F16A6A93400BCA9DB /* InfoPlist.strings in Resources */,
				30B2CF7716A6A93400BCA9DB /* Default.png in Resources */,
				30B2CF7916A6A93400BCA9DB /* Default@2x.png in Resources */,
				30B2CF7B16A6A93400BCA9DB /* Default-568h@2x.png in Resources */,
				30B2CF8116A6A93400BCA9DB /* ViewController.xib in Resources */,
				3013601B16A8DEAB00FA4C47 /* info.png in Resources */,
				3013601D16A8E11900FA4C47 /* infoPage.xib in Resources */,
			);
			runOnlyForDeploymentPostprocessing = 0;
		};
		30B2CF8416A6A93400BCA9DB /* Resources */ = {
			isa = PBXResourcesBuildPhase;
			buildActionMask = 2147483647;
			files = (
				30B2CF9316A6A93400BCA9DB /* InfoPlist.strings in Resources */,
			);
			runOnlyForDeploymentPostprocessing = 0;
		};
/* End PBXResourcesBuildPhase section */

/* Begin PBXShellScriptBuildPhase section */
		30B2CF8516A6A93400BCA9DB /* ShellScript */ = {
			isa = PBXShellScriptBuildPhase;
			buildActionMask = 2147483647;
			files = (
			);
			inputPaths = (
			);
			outputPaths = (
			);
			runOnlyForDeploymentPostprocessing = 0;
			shellPath = /bin/sh;
			shellScript = "# Run the unit tests in this test bundle.\n\"${SYSTEM_DEVELOPER_DIR}/Tools/RunUnitTests\"\n";
		};
/* End PBXShellScriptBuildPhase section */

/* Begin PBXSourcesBuildPhase section */
		30B2CF5C16A6A93400BCA9DB /* Sources */ = {
			isa = PBXSourcesBuildPhase;
			buildActionMask = 2147483647;
			files = (
				30B2CF7116A6A93400BCA9DB /* main.m in Sources */,
				30B2CF7516A6A93400BCA9DB /* AppDelegate.m in Sources */,
				30B2CF7E16A6A93400BCA9DB /* ViewController.m in Sources */,
				30C3793716A6AA9600BC2486 /* Blocks.m in Sources */,
				30C3793816A6AA9600BC2486 /* Cars.m in Sources */,
				30C3793916A6AA9600BC2486 /* TeddyBear.m in Sources */,
				30C3793A16A6AA9600BC2486 /* ToyFactory.m in Sources */,
				30C3793B16A6AA9600BC2486 /* Toys.m in Sources */,
				3013602516A8E36400FA4C47 /* infoViewController.m in Sources */,
			);
			runOnlyForDeploymentPostprocessing = 0;
		};
		30B2CF8216A6A93400BCA9DB /* Sources */ = {
			isa = PBXSourcesBuildPhase;
			buildActionMask = 2147483647;
			files = (
				30B2CF9616A6A93400BCA9DB /* aoc2_week2Tests.m in Sources */,
			);
			runOnlyForDeploymentPostprocessing = 0;
		};
/* End PBXSourcesBuildPhase section */

/* Begin PBXTargetDependency section */
		30B2CF8D16A6A93400BCA9DB /* PBXTargetDependency */ = {
			isa = PBXTargetDependency;
			target = 30B2CF5F16A6A93400BCA9DB /* aoc2_week2 */;
			targetProxy = 30B2CF8C16A6A93400BCA9DB /* PBXContainerItemProxy */;
		};
/* End PBXTargetDependency section */

/* Begin PBXVariantGroup section */
		30B2CF6D16A6A93400BCA9DB /* InfoPlist.strings */ = {
			isa = PBXVariantGroup;
			children = (
				30B2CF6E16A6A93400BCA9DB /* en */,
			);
			name = InfoPlist.strings;
			sourceTree = "<group>";
		};
		30B2CF7F16A6A93400BCA9DB /* ViewController.xib */ = {
			isa = PBXVariantGroup;
			children = (
				30B2CF8016A6A93400BCA9DB /* en */,
			);
			name = ViewController.xib;
			sourceTree = "<group>";
		};
		30B2CF9116A6A93400BCA9DB /* InfoPlist.strings */ = {
			isa = PBXVariantGroup;
			children = (
				30B2CF9216A6A93400BCA9DB /* en */,
			);
			name = InfoPlist.strings;
			sourceTree = "<group>";
		};
/* End PBXVariantGroup section */

/* Begin XCBuildConfiguration section */
		30B2CF9716A6A93400BCA9DB /* Debug */ = {
			isa = XCBuildConfiguration;
			buildSettings = {
				ALWAYS_SEARCH_USER_PATHS = NO;
				CLANG_CXX_LANGUAGE_STANDARD = "gnu++0x";
				CLANG_CXX_LIBRARY = "libc++";
				CLANG_ENABLE_OBJC_ARC = YES;
				CLANG_WARN_EMPTY_BODY = YES;
				CLANG_WARN__DUPLICATE_METHOD_MATCH = YES;
				"CODE_SIGN_IDENTITY[sdk=iphoneos*]" = "iPhone Developer";
				COPY_PHASE_STRIP = NO;
				GCC_C_LANGUAGE_STANDARD = gnu99;
				GCC_DYNAMIC_NO_PIC = NO;
				GCC_OPTIMIZATION_LEVEL = 0;
				GCC_PREPROCESSOR_DEFINITIONS = (
					"DEBUG=1",
					"$(inherited)",
				);
				GCC_SYMBOLS_PRIVATE_EXTERN = NO;
				GCC_WARN_ABOUT_RETURN_TYPE = YES;
				GCC_WARN_UNINITIALIZED_AUTOS = YES;
				GCC_WARN_UNUSED_VARIABLE = YES;
				IPHONEOS_DEPLOYMENT_TARGET = 6.0;
				ONLY_ACTIVE_ARCH = YES;
				SDKROOT = iphoneos;
				TARGETED_DEVICE_FAMILY = 2;
			};
			name = Debug;
		};
		30B2CF9816A6A93400BCA9DB /* Release */ = {
			isa = XCBuildConfiguration;
			buildSettings = {
				ALWAYS_SEARCH_USER_PATHS = NO;
				CLANG_CXX_LANGUAGE_STANDARD = "gnu++0x";
				CLANG_CXX_LIBRARY = "libc++";
				CLANG_ENABLE_OBJC_ARC = YES;
				CLANG_WARN_EMPTY_BODY = YES;
				CLANG_WARN__DUPLICATE_METHOD_MATCH = YES;
				"CODE_SIGN_IDENTITY[sdk=iphoneos*]" = "iPhone Developer";
				COPY_PHASE_STRIP = YES;
				GCC_C_LANGUAGE_STANDARD = gnu99;
				GCC_WARN_ABOUT_RETURN_TYPE = YES;
				GCC_WARN_UNINITIALIZED_AUTOS = YES;
				GCC_WARN_UNUSED_VARIABLE = YES;
				IPHONEOS_DEPLOYMENT_TARGET = 6.0;
				OTHER_CFLAGS = "-DNS_BLOCK_ASSERTIONS=1";
				SDKROOT = iphoneos;
				TARGETED_DEVICE_FAMILY = 2;
				VALIDATE_PRODUCT = YES;
			};
			name = Release;
		};
		30B2CF9A16A6A93400BCA9DB /* Debug */ = {
			isa = XCBuildConfiguration;
			buildSettings = {
				GCC_PRECOMPILE_PREFIX_HEADER = YES;
				GCC_PREFIX_HEADER = "aoc2_week2/aoc2_week2-Prefix.pch";
				INFOPLIST_FILE = "aoc2_week2/aoc2_week2-Info.plist";
				PRODUCT_NAME = "$(TARGET_NAME)";
				WRAPPER_EXTENSION = app;
			};
			name = Debug;
		};
		30B2CF9B16A6A93400BCA9DB /* Release */ = {
			isa = XCBuildConfiguration;
			buildSettings = {
				GCC_PRECOMPILE_PREFIX_HEADER = YES;
				GCC_PREFIX_HEADER = "aoc2_week2/aoc2_week2-Prefix.pch";
				INFOPLIST_FILE = "aoc2_week2/aoc2_week2-Info.plist";
				PRODUCT_NAME = "$(TARGET_NAME)";
				WRAPPER_EXTENSION = app;
			};
			name = Release;
		};
		30B2CF9D16A6A93400BCA9DB /* Debug */ = {
			isa = XCBuildConfiguration;
			buildSettings = {
				BUNDLE_LOADER = "$(BUILT_PRODUCTS_DIR)/aoc2_week2.app/aoc2_week2";
				FRAMEWORK_SEARCH_PATHS = (
					"\"$(SDKROOT)/Developer/Library/Frameworks\"",
					"\"$(DEVELOPER_LIBRARY_DIR)/Frameworks\"",
				);
				GCC_PRECOMPILE_PREFIX_HEADER = YES;
				GCC_PREFIX_HEADER = "aoc2_week2/aoc2_week2-Prefix.pch";
				INFOPLIST_FILE = "aoc2_week2Tests/aoc2_week2Tests-Info.plist";
				PRODUCT_NAME = "$(TARGET_NAME)";
				TEST_HOST = "$(BUNDLE_LOADER)";
				WRAPPER_EXTENSION = octest;
			};
			name = Debug;
		};
		30B2CF9E16A6A93400BCA9DB /* Release */ = {
			isa = XCBuildConfiguration;
			buildSettings = {
				BUNDLE_LOADER = "$(BUILT_PRODUCTS_DIR)/aoc2_week2.app/aoc2_week2";
				FRAMEWORK_SEARCH_PATHS = (
					"\"$(SDKROOT)/Developer/Library/Frameworks\"",
					"\"$(DEVELOPER_LIBRARY_DIR)/Frameworks\"",
				);
				GCC_PRECOMPILE_PREFIX_HEADER = YES;
				GCC_PREFIX_HEADER = "aoc2_week2/aoc2_week2-Prefix.pch";
				INFOPLIST_FILE = "aoc2_week2Tests/aoc2_week2Tests-Info.plist";
				PRODUCT_NAME = "$(TARGET_NAME)";
				TEST_HOST = "$(BUNDLE_LOADER)";
				WRAPPER_EXTENSION = octest;
			};
			name = Release;
		};
/* End XCBuildConfiguration section */

/* Begin XCConfigurationList section */
		30B2CF5A16A6A93400BCA9DB /* Build configuration list for PBXProject "aoc2_week2" */ = {
			isa = XCConfigurationList;
			buildConfigurations = (
				30B2CF9716A6A93400BCA9DB /* Debug */,
				30B2CF9816A6A93400BCA9DB /* Release */,
			);
			defaultConfigurationIsVisible = 0;
			defaultConfigurationName = Release;
		};
		30B2CF9916A6A93400BCA9DB /* Build configuration list for PBXNativeTarget "aoc2_week2" */ = {
			isa = XCConfigurationList;
			buildConfigurations = (
				30B2CF9A16A6A93400BCA9DB /* Debug */,
				30B2CF9B16A6A93400BCA9DB /* Release */,
			);
			defaultConfigurationIsVisible = 0;
			defaultConfigurationName = Release;
		};
		30B2CF9C16A6A93400BCA9DB /* Build configuration list for PBXNativeTarget "aoc2_week2Tests" */ = {
			isa = XCConfigurationList;
			buildConfigurations = (
				30B2CF9D16A6A93400BCA9DB /* Debug */,
				30B2CF9E16A6A93400BCA9DB /* Release */,
			);
			defaultConfigurationIsVisible = 0;
			defaultConfigurationName = Release;
		};
/* End XCConfigurationList section */
	};
	rootObject = 30B2CF5716A6A93400BCA9DB /* Project object */;
}
